
Microsoft Visual Studio Solution File, Format Version 12.00
# Visual Studio 15
VisualStudioVersion = 15.0.27130.2020
MinimumVisualStudioVersion = 10.0.40219.1
Project("{FAE04EC0-301F-11D3-BF4B-00C04F79EFBC}") = "socks5", "socks5\socks5.csproj", "{B1A31708-7AC8-44C9-BBB3-999BEBE1FA5B}"
EndProject
Project("{FAE04EC0-301F-11D3-BF4B-00C04F79EFBC}") = "Socks5.Core", "..\Socks5.Core\Socks5.Core.csproj", "{E6C0871C-9ADC-4C76-B583-794AE7665C60}"
EndProject
Project("{FAE04EC0-301F-11D3-BF4B-00C04F79EFBC}") = "Socks5.Core.Server", "..\Socks5.Core.Server\Socks5.Core.Server.csproj", "{E78F9478-5A49-4DBC-91FE-45914C621541}"
EndProject
Global
	GlobalSection(SolutionConfigurationPlatforms) = preSolution
		Debug|Any CPU = Debug|Any CPU
		Debug|x86 = Debug|x86
		Release|Any CPU = Release|Any CPU
		Release|x86 = Release|x86
	EndGlobalSection
	GlobalSection(ProjectConfigurationPlatforms) = postSolution
		{B1A31708-7AC8-44C9-BBB3-999BEBE1FA5B}.Debug|Any CPU.ActiveCfg = Debug|Any CPU
		{B1A31708-7AC8-44C9-BBB3-999BEBE1FA5B}.Debug|Any CPU.Build.0 = Debug|Any CPU
		{B1A31708-7AC8-44C9-BBB3-999BEBE1FA5B}.Debug|x86.ActiveCfg = Debug|x86
		{B1A31708-7AC8-44C9-BBB3-999BEBE1FA5B}.Debug|x86.Build.0 = Debug|x86
		{B1A31708-7AC8-44C9-BBB3-999BEBE1FA5B}.Release|Any CPU.ActiveCfg = Release|Any CPU
		{B1A31708-7AC8-44C9-BBB3-999BEBE1FA5B}.Release|Any CPU.Build.0 = Release|Any CPU
		{B1A31708-7AC8-44C9-BBB3-999BEBE1FA5B}.Release|x86.ActiveCfg = Release|x86
		{B1A31708-7AC8-44C9-BBB3-999BEBE1FA5B}.Release|x86.Build.0 = Release|x86
		{E6C0871C-9ADC-4C76-B583-794AE7665C60}.Debug|Any CPU.ActiveCfg = Debug|Any CPU
		{E6C0871C-9ADC-4C76-B583-794AE7665C60}.Debug|Any CPU.Build.0 = Debug|Any CPU
		{E6C0871C-9ADC-4C76-B583-794AE7665C60}.Debug|x86.ActiveCfg = Debug|Any CPU
		{E6C0871C-9ADC-4C76-B583-794AE7665C60}.Debug|x86.Build.0 = Debug|Any CPU
		{E6C0871C-9ADC-4C76-B583-794AE7665C60}.Release|Any CPU.ActiveCfg = Release|Any CPU
		{E6C0871C-9ADC-4C76-B583-794AE7665C60}.Release|Any CPU.Build.0 = Release|Any CPU
		{E6C0871C-9ADC-4C76-B583-794AE7665C60}.Release|x86.ActiveCfg = Release|Any CPU
		{E6C0871C-9ADC-4C76-B583-794AE7665C60}.Release|x86.Build.0 = Release|Any CPU
		{E78F9478-5A49-4DBC-91FE-45914C621541}.Debug|Any CPU.ActiveCfg = Debug|Any CPU
		{E78F9478-5A49-4DBC-91FE-45914C621541}.Debug|Any CPU.Build.0 = Debug|Any CPU
		{E78F9478-5A49-4DBC-91FE-45914C621541}.Debug|x86.ActiveCfg = Debug|Any CPU
		{E78F9478-5A49-4DBC-91FE-45914C621541}.Debug|x86.Build.0 = Debug|Any CPU
		{E78F9478-5A49-4DBC-91FE-45914C621541}.Release|Any CPU.ActiveCfg = Release|Any CPU
		{E78F9478-5A49-4DBC-91FE-45914C621541}.Release|Any CPU.Build.0 = Release|Any CPU
		{E78F9478-5A49-4DBC-91FE-45914C621541}.Release|x86.ActiveCfg = Release|Any CPU
		{E78F9478-5A49-4DBC-91FE-45914C621541}.Release|x86.Build.0 = Release|Any CPU
	EndGlobalSection
	GlobalSection(SolutionProperties) = preSolution
		HideSolutionNode = FALSE
	EndGlobalSection
	GlobalSection(ExtensibilityGlobals) = postSolution
		SolutionGuid = {9A5E06FE-C10A-4820-AA83-5CAD935BE82D}
	EndGlobalSection
	GlobalSection(MonoDevelopProperties) = preSolution
		StartupItem = Socks5Test\Socks5Test.csproj
	EndGlobalSection
EndGlobal
